// !$*UTF8*$!
{
	archiveVersion = 1;
	classes = {
	};
	objectVersion = 46;
	objects = {

/* Begin PBXBuildFile section */
		008948191D4DEB24004AD30C /* Image.swift in Sources */ = {isa = PBXBuildFile; fileRef = 008948171D4DEB24004AD30C /* Image.swift */; };
		0089481A1D4DEB24004AD30C /* ImageAlert.swift in Sources */ = {isa = PBXBuildFile; fileRef = 008948181D4DEB24004AD30C /* ImageAlert.swift */; };
		0089481D1D4DEB31004AD30C /* VemoryAPI.swift in Sources */ = {isa = PBXBuildFile; fileRef = 0089481B1D4DEB31004AD30C /* VemoryAPI.swift */; };
		0089481E1D4DEB31004AD30C /* VemoryAPIRequestRouter.swift in Sources */ = {isa = PBXBuildFile; fileRef = 0089481C1D4DEB31004AD30C /* VemoryAPIRequestRouter.swift */; };
		008948201D4DEB43004AD30C /* PopUp.storyboard in Resources */ = {isa = PBXBuildFile; fileRef = 0089481F1D4DEB43004AD30C /* PopUp.storyboard */; };
		008948231D4DEB59004AD30C /* Main.storyboard in Resources */ = {isa = PBXBuildFile; fileRef = 008948211D4DEB59004AD30C /* Main.storyboard */; };
		008948281D4DEB6D004AD30C /* AppDelegate.swift in Sources */ = {isa = PBXBuildFile; fileRef = 008948241D4DEB6D004AD30C /* AppDelegate.swift */; };
		008948291D4DEB6D004AD30C /* GoProCollectionViewCell.swift in Sources */ = {isa = PBXBuildFile; fileRef = 008948251D4DEB6D004AD30C /* GoProCollectionViewCell.swift */; };
		0089482A1D4DEB6D004AD30C /* GoProMainViewController.swift in Sources */ = {isa = PBXBuildFile; fileRef = 008948261D4DEB6D004AD30C /* GoProMainViewController.swift */; };
		0089482B1D4DEB6D004AD30C /* ImageDetailModalViewController.swift in Sources */ = {isa = PBXBuildFile; fileRef = 008948271D4DEB6D004AD30C /* ImageDetailModalViewController.swift */; };
		008948331D4DEB7B004AD30C /* Assets.xcassets in Resources */ = {isa = PBXBuildFile; fileRef = 0089482C1D4DEB7B004AD30C /* Assets.xcassets */; };
		008948341D4DEB7B004AD30C /* LaunchScreen.storyboard in Resources */ = {isa = PBXBuildFile; fileRef = 0089482E1D4DEB7B004AD30C /* LaunchScreen.storyboard */; };
		008948351D4DEB7B004AD30C /* Main.storyboard in Resources */ = {isa = PBXBuildFile; fileRef = 008948301D4DEB7B004AD30C /* Main.storyboard */; };
		00A01F861D4D9E6D005EDE0D /* Alamofire.framework in Frameworks */ = {isa = PBXBuildFile; fileRef = 00A01F851D4D9E6D005EDE0D /* Alamofire.framework */; };
		00A01F991D4DBBD8005EDE0D /* AlamofireImage.framework in Frameworks */ = {isa = PBXBuildFile; fileRef = 00A01F981D4DBBD8005EDE0D /* AlamofireImage.framework */; };
/* End PBXBuildFile section */

/* Begin PBXFileReference section */
		008948171D4DEB24004AD30C /* Image.swift */ = {isa = PBXFileReference; fileEncoding = 4; lastKnownFileType = sourcecode.swift; name = Image.swift; path = InstaGoPro/Model/Image.swift; sourceTree = SOURCE_ROOT; };
		008948181D4DEB24004AD30C /* ImageAlert.swift */ = {isa = PBXFileReference; fileEncoding = 4; lastKnownFileType = sourcecode.swift; name = ImageAlert.swift; path = InstaGoPro/Model/ImageAlert.swift; sourceTree = SOURCE_ROOT; };
		0089481B1D4DEB31004AD30C /* VemoryAPI.swift */ = {isa = PBXFileReference; fileEncoding = 4; lastKnownFileType = sourcecode.swift; name = VemoryAPI.swift; path = InstaGoPro/API/VemoryAPI.swift; sourceTree = SOURCE_ROOT; };
		0089481C1D4DEB31004AD30C /* VemoryAPIRequestRouter.swift */ = {isa = PBXFileReference; fileEncoding = 4; lastKnownFileType = sourcecode.swift; name = VemoryAPIRequestRouter.swift; path = InstaGoPro/API/VemoryAPIRequestRouter.swift; sourceTree = SOURCE_ROOT; };
		0089481F1D4DEB43004AD30C /* PopUp.storyboard */ = {isa = PBXFileReference; fileEncoding = 4; lastKnownFileType = file.storyboard; name = PopUp.storyboard; path = InstaGoPro/PopUp.storyboard; sourceTree = SOURCE_ROOT; };
		008948221D4DEB59004AD30C /* Base */ = {isa = PBXFileReference; lastKnownFileType = file.storyboard; name = Base; path = InstaGoPro/Base.lproj/Main.storyboard; sourceTree = SOURCE_ROOT; };
		008948241D4DEB6D004AD30C /* AppDelegate.swift */ = {isa = PBXFileReference; fileEncoding = 4; lastKnownFileType = sourcecode.swift; name = AppDelegate.swift; path = InstaGoPro/Classes/AppDelegate.swift; sourceTree = SOURCE_ROOT; };
		008948251D4DEB6D004AD30C /* GoProCollectionViewCell.swift */ = {isa = PBXFileReference; fileEncoding = 4; lastKnownFileType = sourcecode.swift; name = GoProCollectionViewCell.swift; path = InstaGoPro/Classes/GoProCollectionViewCell.swift; sourceTree = SOURCE_ROOT; };
		008948261D4DEB6D004AD30C /* GoProMainViewController.swift */ = {isa = PBXFileReference; fileEncoding = 4; lastKnownFileType = sourcecode.swift; name = GoProMainViewController.swift; path = InstaGoPro/Classes/GoProMainViewController.swift; sourceTree = SOURCE_ROOT; };
		008948271D4DEB6D004AD30C /* ImageDetailModalViewController.swift */ = {isa = PBXFileReference; fileEncoding = 4; lastKnownFileType = sourcecode.swift; name = ImageDetailModalViewController.swift; path = InstaGoPro/Classes/ImageDetailModalViewController.swift; sourceTree = SOURCE_ROOT; };
		0089482C1D4DEB7B004AD30C /* Assets.xcassets */ = {isa = PBXFileReference; lastKnownFileType = folder.assetcatalog; name = Assets.xcassets; path = InstaGoPro/Assets.xcassets; sourceTree = SOURCE_ROOT; };
		0089482F1D4DEB7B004AD30C /* Base */ = {isa = PBXFileReference; lastKnownFileType = file.storyboard; name = Base; path = LaunchScreen.storyboard; sourceTree = "<group>"; };
		008948311D4DEB7B004AD30C /* Base */ = {isa = PBXFileReference; lastKnownFileType = file.storyboard; name = Base; path = Main.storyboard; sourceTree = "<group>"; };
		008948321D4DEB7B004AD30C /* Info.plist */ = {isa = PBXFileReference; fileEncoding = 4; lastKnownFileType = text.plist.xml; name = Info.plist; path = InstaGoPro/Info.plist; sourceTree = SOURCE_ROOT; };
		00A01F6D1D4D9B06005EDE0D /* InstaGoPro.app */ = {isa = PBXFileReference; explicitFileType = wrapper.application; includeInIndex = 0; path = InstaGoPro.app; sourceTree = BUILT_PRODUCTS_DIR; };
		00A01F851D4D9E6D005EDE0D /* Alamofire.framework */ = {isa = PBXFileReference; lastKnownFileType = wrapper.framework; name = Alamofire.framework; path = Carthage/Build/iOS/Alamofire.framework; sourceTree = "<group>"; };
		00A01F981D4DBBD8005EDE0D /* AlamofireImage.framework */ = {isa = PBXFileReference; lastKnownFileType = wrapper.framework; name = AlamofireImage.framework; path = Carthage/Build/iOS/AlamofireImage.framework; sourceTree = "<group>"; };
/* End PBXFileReference section */

/* Begin PBXFrameworksBuildPhase section */
		00A01F6A1D4D9B06005EDE0D /* Frameworks */ = {
			isa = PBXFrameworksBuildPhase;
			buildActionMask = 2147483647;
			files = (
				00A01F861D4D9E6D005EDE0D /* Alamofire.framework in Frameworks */,
				00A01F991D4DBBD8005EDE0D /* AlamofireImage.framework in Frameworks */,
			);
			runOnlyForDeploymentPostprocessing = 0;
		};
/* End PBXFrameworksBuildPhase section */

/* Begin PBXGroup section */
		0089482D1D4DEB7B004AD30C /* Base.lproj */ = {
			isa = PBXGroup;
			children = (
				0089482E1D4DEB7B004AD30C /* LaunchScreen.storyboard */,
				008948301D4DEB7B004AD30C /* Main.storyboard */,
			);
			name = Base.lproj;
			path = InstaGoPro/Base.lproj;
			sourceTree = SOURCE_ROOT;
		};
		00A01F641D4D9B06005EDE0D = {
			isa = PBXGroup;
			children = (
				00A01F981D4DBBD8005EDE0D /* AlamofireImage.framework */,
				00A01F851D4D9E6D005EDE0D /* Alamofire.framework */,
				00A01F6F1D4D9B06005EDE0D /* InstaGoPro */,
				00A01F6E1D4D9B06005EDE0D /* Products */,
			);
			sourceTree = "<group>";
		};
		00A01F6E1D4D9B06005EDE0D /* Products */ = {
			isa = PBXGroup;
			children = (
				00A01F6D1D4D9B06005EDE0D /* InstaGoPro.app */,
			);
			name = Products;
			sourceTree = "<group>";
		};
		00A01F6F1D4D9B06005EDE0D /* InstaGoPro */ = {
			isa = PBXGroup;
			children = (
				00A01F8F1D4DA393005EDE0D /* Model */,
				00A01F881D4D9F79005EDE0D /* API */,
				00A01F841D4D9BF1005EDE0D /* Views */,
				00A01F831D4D9BE4005EDE0D /* Classes */,
				00A01F821D4D9BD1005EDE0D /* Supporting Files */,
			);
			name = InstaGoPro;
			path = vemoryApp;
			sourceTree = "<group>";
		};
		00A01F821D4D9BD1005EDE0D /* Supporting Files */ = {
			isa = PBXGroup;
			children = (
				0089482C1D4DEB7B004AD30C /* Assets.xcassets */,
				0089482D1D4DEB7B004AD30C /* Base.lproj */,
				008948321D4DEB7B004AD30C /* Info.plist */,
			);
			name = "Supporting Files";
			sourceTree = "<group>";
		};
		00A01F831D4D9BE4005EDE0D /* Classes */ = {
			isa = PBXGroup;
			children = (
				008948241D4DEB6D004AD30C /* AppDelegate.swift */,
				008948251D4DEB6D004AD30C /* GoProCollectionViewCell.swift */,
				008948261D4DEB6D004AD30C /* GoProMainViewController.swift */,
				008948271D4DEB6D004AD30C /* ImageDetailModalViewController.swift */,
			);
			name = Classes;
			sourceTree = "<group>";
		};
		00A01F841D4D9BF1005EDE0D /* Views */ = {
			isa = PBXGroup;
			children = (
				008948211D4DEB59004AD30C /* Main.storyboard */,
				0089481F1D4DEB43004AD30C /* PopUp.storyboard */,
			);
			name = Views;
			sourceTree = "<group>";
		};
		00A01F881D4D9F79005EDE0D /* API */ = {
			isa = PBXGroup;
			children = (
				0089481B1D4DEB31004AD30C /* VemoryAPI.swift */,
				0089481C1D4DEB31004AD30C /* VemoryAPIRequestRouter.swift */,
			);
			name = API;
			sourceTree = "<group>";
		};
		00A01F8F1D4DA393005EDE0D /* Model */ = {
			isa = PBXGroup;
			children = (
				008948171D4DEB24004AD30C /* Image.swift */,
				008948181D4DEB24004AD30C /* ImageAlert.swift */,
			);
			name = Model;
			sourceTree = "<group>";
		};
/* End PBXGroup section */

/* Begin PBXNativeTarget section */
		00A01F6C1D4D9B06005EDE0D /* InstaGoPro */ = {
			isa = PBXNativeTarget;
			buildConfigurationList = 00A01F7F1D4D9B07005EDE0D /* Build configuration list for PBXNativeTarget "InstaGoPro" */;
			buildPhases = (
				00A01F691D4D9B06005EDE0D /* Sources */,
				00A01F6A1D4D9B06005EDE0D /* Frameworks */,
				00A01F6B1D4D9B06005EDE0D /* Resources */,
				00A01F871D4D9E86005EDE0D /* Carthage Script */,
			);
			buildRules = (
			);
			dependencies = (
			);
			name = InstaGoPro;
			productName = vemoryApp;
			productReference = 00A01F6D1D4D9B06005EDE0D /* InstaGoPro.app */;
			productType = "com.apple.product-type.application";
		};
/* End PBXNativeTarget section */

/* Begin PBXProject section */
		00A01F651D4D9B06005EDE0D /* Project object */ = {
			isa = PBXProject;
			attributes = {
				LastSwiftUpdateCheck = 0730;
				LastUpgradeCheck = 0730;
				ORGANIZATIONNAME = Gabemdev;
				TargetAttributes = {
					00A01F6C1D4D9B06005EDE0D = {
						CreatedOnToolsVersion = 7.3.1;
					};
				};
			};
			buildConfigurationList = 00A01F681D4D9B06005EDE0D /* Build configuration list for PBXProject "InstaGoPro" */;
			compatibilityVersion = "Xcode 3.2";
			developmentRegion = English;
			hasScannedForEncodings = 0;
			knownRegions = (
				en,
				Base,
			);
			mainGroup = 00A01F641D4D9B06005EDE0D;
			productRefGroup = 00A01F6E1D4D9B06005EDE0D /* Products */;
			projectDirPath = "";
			projectRoot = "";
			targets = (
				00A01F6C1D4D9B06005EDE0D /* InstaGoPro */,
			);
		};
/* End PBXProject section */

/* Begin PBXResourcesBuildPhase section */
		00A01F6B1D4D9B06005EDE0D /* Resources */ = {
			isa = PBXResourcesBuildPhase;
			buildActionMask = 2147483647;
			files = (
				008948201D4DEB43004AD30C /* PopUp.storyboard in Resources */,
				008948351D4DEB7B004AD30C /* Main.storyboard in Resources */,
				008948341D4DEB7B004AD30C /* LaunchScreen.storyboard in Resources */,
				008948331D4DEB7B004AD30C /* Assets.xcassets in Resources */,
				008948231D4DEB59004AD30C /* Main.storyboard in Resources */,
			);
			runOnlyForDeploymentPostprocessing = 0;
		};
/* End PBXResourcesBuildPhase section */

/* Begin PBXShellScriptBuildPhase section */
		00A01F871D4D9E86005EDE0D /* Carthage Script */ = {
			isa = PBXShellScriptBuildPhase;
			buildActionMask = 2147483647;
			files = (
			);
			inputPaths = (
				"$(SRCROOT)/Carthage/Build/iOS/Alamofire.framework",
				"$(SRCROOT)/Carthage/Build/iOS/AlamofireImage.framework",
			);
			name = "Carthage Script";
			outputPaths = (
			);
			runOnlyForDeploymentPostprocessing = 0;
			shellPath = /bin/sh;
			shellScript = "/usr/local/bin/carthage copy-frameworks";
		};
/* End PBXShellScriptBuildPhase section */

/* Begin PBXSourcesBuildPhase section */
		00A01F691D4D9B06005EDE0D /* Sources */ = {
			isa = PBXSourcesBuildPhase;
			buildActionMask = 2147483647;
			files = (
				008948191D4DEB24004AD30C /* Image.swift in Sources */,
				0089482B1D4DEB6D004AD30C /* ImageDetailModalViewController.swift in Sources */,
				0089482A1D4DEB6D004AD30C /* GoProMainViewController.swift in Sources */,
				0089481D1D4DEB31004AD30C /* VemoryAPI.swift in Sources */,
				008948291D4DEB6D004AD30C /* GoProCollectionViewCell.swift in Sources */,
				0089481E1D4DEB31004AD30C /* VemoryAPIRequestRouter.swift in Sources */,
				008948281D4DEB6D004AD30C /* AppDelegate.swift in Sources */,
				0089481A1D4DEB24004AD30C /* ImageAlert.swift in Sources */,
			);
			runOnlyForDeploymentPostprocessing = 0;
		};
/* End PBXSourcesBuildPhase section */

/* Begin PBXVariantGroup section */
		008948211D4DEB59004AD30C /* Main.storyboard */ = {
			isa = PBXVariantGroup;
			children = (
				008948221D4DEB59004AD30C /* Base */,
			);
			name = Main.storyboard;
			sourceTree = "<group>";
		};
		0089482E1D4DEB7B004AD30C /* LaunchScreen.storyboard */ = {
			isa = PBXVariantGroup;
			children = (
				0089482F1D4DEB7B004AD30C /* Base */,
			);
			name = LaunchScreen.storyboard;
			sourceTree = "<group>";
		};
		008948301D4DEB7B004AD30C /* Main.storyboard */ = {
			isa = PBXVariantGroup;
			children = (
				008948311D4DEB7B004AD30C /* Base */,
			);
			name = Main.storyboard;
			sourceTree = "<group>";
		};
/* End PBXVariantGroup section */

/* Begin XCBuildConfiguration section */
		00A01F7D1D4D9B07005EDE0D /* Debug */ = {
			isa = XCBuildConfiguration;
			buildSettings = {
				ALWAYS_SEARCH_USER_PATHS = NO;
				CLANG_ANALYZER_NONNULL = YES;
				CLANG_CXX_LANGUAGE_STANDARD = "gnu++0x";
				CLANG_CXX_LIBRARY = "libc++";
				CLANG_ENABLE_MODULES = YES;
				CLANG_ENABLE_OBJC_ARC = YES;
				CLANG_WARN_BOOL_CONVERSION = YES;
				CLANG_WARN_CONSTANT_CONVERSION = YES;
				CLANG_WARN_DIRECT_OBJC_ISA_USAGE = YES_ERROR;
				CLANG_WARN_EMPTY_BODY = YES;
				CLANG_WARN_ENUM_CONVERSION = YES;
				CLANG_WARN_INT_CONVERSION = YES;
				CLANG_WARN_OBJC_ROOT_CLASS = YES_ERROR;
				CLANG_WARN_UNREACHABLE_CODE = YES;
				CLANG_WARN__DUPLICATE_METHOD_MATCH = YES;
				"CODE_SIGN_IDENTITY[sdk=iphoneos*]" = "iPhone Developer";
				COPY_PHASE_STRIP = NO;
				DEBUG_INFORMATION_FORMAT = dwarf;
				ENABLE_STRICT_OBJC_MSGSEND = YES;
				ENABLE_TESTABILITY = YES;
				GCC_C_LANGUAGE_STANDARD = gnu99;
				GCC_DYNAMIC_NO_PIC = NO;
				GCC_NO_COMMON_BLOCKS = YES;
				GCC_OPTIMIZATION_LEVEL = 0;
				GCC_PREPROCESSOR_DEFINITIONS = (
					"DEBUG=1",
					"$(inherited)",
				);
				GCC_WARN_64_TO_32_BIT_CONVERSION = YES;
				GCC_WARN_ABOUT_RETURN_TYPE = YES_ERROR;
				GCC_WARN_UNDECLARED_SELECTOR = YES;
				GCC_WARN_UNINITIALIZED_AUTOS = YES_AGGRESSIVE;
				GCC_WARN_UNUSED_FUNCTION = YES;
				GCC_WARN_UNUSED_VARIABLE = YES;
				IPHONEOS_DEPLOYMENT_TARGET = 9.3;
				MTL_ENABLE_DEBUG_INFO = YES;
				ONLY_ACTIVE_ARCH = YES;
				SDKROOT = iphoneos;
				SWIFT_OPTIMIZATION_LEVEL = "-Onone";
			};
			name = Debug;
		};
		00A01F7E1D4D9B07005EDE0D /* Release */ = {
			isa = XCBuildConfiguration;
			buildSettings = {
				ALWAYS_SEARCH_USER_PATHS = NO;
				CLANG_ANALYZER_NONNULL = YES;
				CLANG_CXX_LANGUAGE_STANDARD = "gnu++0x";
				CLANG_CXX_LIBRARY = "libc++";
				CLANG_ENABLE_MODULES = YES;
				CLANG_ENABLE_OBJC_ARC = YES;
				CLANG_WARN_BOOL_CONVERSION = YES;
				CLANG_WARN_CONSTANT_CONVERSION = YES;
				CLANG_WARN_DIRECT_OBJC_ISA_USAGE = YES_ERROR;
				CLANG_WARN_EMPTY_BODY = YES;
				CLANG_WARN_ENUM_CONVERSION = YES;
				CLANG_WARN_INT_CONVERSION = YES;
				CLANG_WARN_OBJC_ROOT_CLASS = YES_ERROR;
				CLANG_WARN_UNREACHABLE_CODE = YES;
				CLANG_WARN__DUPLICATE_METHOD_MATCH = YES;
				"CODE_SIGN_IDENTITY[sdk=iphoneos*]" = "iPhone Developer";
				COPY_PHASE_STRIP = NO;
				DEBUG_INFORMATION_FORMAT = "dwarf-with-dsym";
				ENABLE_NS_ASSERTIONS = NO;
				ENABLE_STRICT_OBJC_MSGSEND = YES;
				GCC_C_LANGUAGE_STANDARD = gnu99;
				GCC_NO_COMMON_BLOCKS = YES;
				GCC_WARN_64_TO_32_BIT_CONVERSION = YES;
				GCC_WARN_ABOUT_RETURN_TYPE = YES_ERROR;
				GCC_WARN_UNDECLARED_SELECTOR = YES;
				GCC_WARN_UNINITIALIZED_AUTOS = YES_AGGRESSIVE;
				GCC_WARN_UNUSED_FUNCTION = YES;
				GCC_WARN_UNUSED_VARIABLE = YES;
				IPHONEOS_DEPLOYMENT_TARGET = 9.3;
				MTL_ENABLE_DEBUG_INFO = NO;
				SDKROOT = iphoneos;
				VALIDATE_PRODUCT = YES;
			};
			name = Release;
		};
		00A01F801D4D9B07005EDE0D /* Debug */ = {
			isa = XCBuildConfiguration;
			buildSettings = {
				ASSETCATALOG_COMPILER_APPICON_NAME = AppIcon;
				FRAMEWORK_SEARCH_PATHS = (
					"$(inherited)",
					"$(PROJECT_DIR)/Carthage/Build/iOS",
				);
				INFOPLIST_FILE = InstaGoPro/Info.plist;
				LD_RUNPATH_SEARCH_PATHS = "$(inherited) @executable_path/Frameworks";
				PRODUCT_BUNDLE_IDENTIFIER = com.gabemdev.instaGoPro;
				PRODUCT_NAME = InstaGoPro;
			};
			name = Debug;
		};
		00A01F811D4D9B07005EDE0D /* Release */ = {
			isa = XCBuildConfiguration;
			buildSettings = {
				ASSETCATALOG_COMPILER_APPICON_NAME = AppIcon;
				FRAMEWORK_SEARCH_PATHS = (
					"$(inherited)",
					"$(PROJECT_DIR)/Carthage/Build/iOS",
				);
				INFOPLIST_FILE = InstaGoPro/Info.plist;
				LD_RUNPATH_SEARCH_PATHS = "$(inherited) @executable_path/Frameworks";
				PRODUCT_BUNDLE_IDENTIFIER = com.gabemdev.instaGoPro;
				PRODUCT_NAME = InstaGoPro;
			};
			name = Release;
		};
/* End XCBuildConfiguration section */

/* Begin XCConfigurationList section */
		00A01F681D4D9B06005EDE0D /* Build configuration list for PBXProject "InstaGoPro" */ = {
			isa = XCConfigurationList;
			buildConfigurations = (
				00A01F7D1D4D9B07005EDE0D /* Debug */,
				00A01F7E1D4D9B07005EDE0D /* Release */,
			);
			defaultConfigurationIsVisible = 0;
			defaultConfigurationName = Release;
		};
		00A01F7F1D4D9B07005EDE0D /* Build configuration list for PBXNativeTarget "InstaGoPro" */ = {
			isa = XCConfigurationList;
			buildConfigurations = (
				00A01F801D4D9B07005EDE0D /* Debug */,
				00A01F811D4D9B07005EDE0D /* Release */,
			);
			defaultConfigurationIsVisible = 0;
			defaultConfigurationName = Release;
		};
/* End XCConfigurationList section */
	};
	rootObject = 00A01F651D4D9B06005EDE0D /* Project object */;
}
